
Microsoft Visual Studio Solution File, Format Version 12.00
# Visual Studio 15
VisualStudioVersion = 15.0.27703.2035
MinimumVisualStudioVersion = 10.0.40219.1
Project("{8BC9CEB8-8B4A-11D0-8D11-00A0C91BC942}") = "Test", "Test\Test.vcxproj", "{39438051-4B06-4C64-867F-1C765F3C6020}"
EndProject
Project("{8BC9CEB8-8B4A-11D0-8D11-00A0C91BC942}") = "DigitalNumbers", "DigitalNumbers\DigitalNumbers.vcxproj", "{E89F7DB2-9764-4C37-AF97-23E37CF7A29F}"
EndProject
Project("{8BC9CEB8-8B4A-11D0-8D11-00A0C91BC942}") = "Tasker", "Tasker\Tasker.vcxproj", "{9E7FA304-CF0D-4474-A850-846A2D260B9C}"
EndProject
Project("{8BC9CEB8-8B4A-11D0-8D11-00A0C91BC942}") = "SFML-engine", "SFML-engine\SFML-engine.vcxproj", "{4CA199E7-CF86-4DF2-A235-C0E1688AFEB3}"
EndProject
Global
	GlobalSection(SolutionConfigurationPlatforms) = preSolution
		Debug|x64 = Debug|x64
		Debug|x86 = Debug|x86
		Release|x64 = Release|x64
		Release|x86 = Release|x86
	EndGlobalSection
	GlobalSection(ProjectConfigurationPlatforms) = postSolution
		{39438051-4B06-4C64-867F-1C765F3C6020}.Debug|x64.ActiveCfg = Debug|x64
		{39438051-4B06-4C64-867F-1C765F3C6020}.Debug|x64.Build.0 = Debug|x64
		{39438051-4B06-4C64-867F-1C765F3C6020}.Debug|x86.ActiveCfg = Debug|Win32
		{39438051-4B06-4C64-867F-1C765F3C6020}.Debug|x86.Build.0 = Debug|Win32
		{39438051-4B06-4C64-867F-1C765F3C6020}.Release|x64.ActiveCfg = Release|x64
		{39438051-4B06-4C64-867F-1C765F3C6020}.Release|x64.Build.0 = Release|x64
		{39438051-4B06-4C64-867F-1C765F3C6020}.Release|x86.ActiveCfg = Release|Win32
		{39438051-4B06-4C64-867F-1C765F3C6020}.Release|x86.Build.0 = Release|Win32
		{E89F7DB2-9764-4C37-AF97-23E37CF7A29F}.Debug|x64.ActiveCfg = Debug|x64
		{E89F7DB2-9764-4C37-AF97-23E37CF7A29F}.Debug|x64.Build.0 = Debug|x64
		{E89F7DB2-9764-4C37-AF97-23E37CF7A29F}.Debug|x86.ActiveCfg = Debug|Win32
		{E89F7DB2-9764-4C37-AF97-23E37CF7A29F}.Debug|x86.Build.0 = Debug|Win32
		{E89F7DB2-9764-4C37-AF97-23E37CF7A29F}.Release|x64.ActiveCfg = Release|x64
		{E89F7DB2-9764-4C37-AF97-23E37CF7A29F}.Release|x64.Build.0 = Release|x64
		{E89F7DB2-9764-4C37-AF97-23E37CF7A29F}.Release|x86.ActiveCfg = Release|Win32
		{E89F7DB2-9764-4C37-AF97-23E37CF7A29F}.Release|x86.Build.0 = Release|Win32
		{9E7FA304-CF0D-4474-A850-846A2D260B9C}.Debug|x64.ActiveCfg = Debug|x64
		{9E7FA304-CF0D-4474-A850-846A2D260B9C}.Debug|x64.Build.0 = Debug|x64
		{9E7FA304-CF0D-4474-A850-846A2D260B9C}.Debug|x86.ActiveCfg = Debug|Win32
		{9E7FA304-CF0D-4474-A850-846A2D260B9C}.Debug|x86.Build.0 = Debug|Win32
		{9E7FA304-CF0D-4474-A850-846A2D260B9C}.Release|x64.ActiveCfg = Release|x64
		{9E7FA304-CF0D-4474-A850-846A2D260B9C}.Release|x64.Build.0 = Release|x64
		{9E7FA304-CF0D-4474-A850-846A2D260B9C}.Release|x86.ActiveCfg = Release|Win32
		{9E7FA304-CF0D-4474-A850-846A2D260B9C}.Release|x86.Build.0 = Release|Win32
		{4CA199E7-CF86-4DF2-A235-C0E1688AFEB3}.Debug|x64.ActiveCfg = Debug|x64
		{4CA199E7-CF86-4DF2-A235-C0E1688AFEB3}.Debug|x64.Build.0 = Debug|x64
		{4CA199E7-CF86-4DF2-A235-C0E1688AFEB3}.Debug|x86.ActiveCfg = Debug|Win32
		{4CA199E7-CF86-4DF2-A235-C0E1688AFEB3}.Debug|x86.Build.0 = Debug|Win32
		{4CA199E7-CF86-4DF2-A235-C0E1688AFEB3}.Release|x64.ActiveCfg = Release|x64
		{4CA199E7-CF86-4DF2-A235-C0E1688AFEB3}.Release|x64.Build.0 = Release|x64
		{4CA199E7-CF86-4DF2-A235-C0E1688AFEB3}.Release|x86.ActiveCfg = Release|Win32
		{4CA199E7-CF86-4DF2-A235-C0E1688AFEB3}.Release|x86.Build.0 = Release|Win32
	EndGlobalSection
	GlobalSection(SolutionProperties) = preSolution
		HideSolutionNode = FALSE
	EndGlobalSection
	GlobalSection(ExtensibilityGlobals) = postSolution
		SolutionGuid = {BE8BD44D-A4FD-48B0-992B-E9EB3F1A83A2}
	EndGlobalSection
EndGlobal
